
Microsoft Visual Studio Solution File, Format Version 12.00
# Visual Studio Version 16
VisualStudioVersion = 16.0.31025.194
MinimumVisualStudioVersion = 10.0.40219.1
Project("{2150E333-8FDC-42A3-9474-1A3956D46DE8}") = "Solution Items", "Solution Items", "{41CAB056-DF34-4AA0-972E-ADEB96A3B4CF}"
	ProjectSection(SolutionItems) = preProject
		.editorconfig = .editorconfig
		.gitattributes = .gitattributes
		.gitignore = .gitignore
		Directory.Build.props = Directory.Build.props
		LICENSE = LICENSE
		Readme.md = Readme.md
	EndProjectSection
EndProject
Project("{2150E333-8FDC-42A3-9474-1A3956D46DE8}") = "Source", "Source", "{B4F65A9E-3428-45D0-90C9-011C621D6556}"
EndProject
Project("{2150E333-8FDC-42A3-9474-1A3956D46DE8}") = "Workflows", "Workflows", "{FA529165-0321-4805-9976-977D1C62AF06}"
	ProjectSection(SolutionItems) = preProject
		.github\workflows\build-and-push.yml = .github\workflows\build-and-push.yml
		.github\workflows\build.yml = .github\workflows\build.yml
	EndProjectSection
EndProject
Project("{9A19103F-16F7-4668-BE54-9A1E7A4F7556}") = "Redfish", "src\Redfish\Redfish.csproj", "{28DB43DA-F012-461C-AD4D-CF0406F4EE3A}"
EndProject
Project("{9A19103F-16F7-4668-BE54-9A1E7A4F7556}") = "Redfish.Serialization.SystemTextJson", "src\Redfish.Serialization.SystemTextJson\Redfish.Serialization.SystemTextJson.csproj", "{4B4E2EB5-BE97-44E4-AAF0-9D5484CE51E7}"
EndProject
Project("{9A19103F-16F7-4668-BE54-9A1E7A4F7556}") = "Redfish.Abstractions", "src\Redfish.Abstractions\Redfish.Abstractions.csproj", "{80DA793F-601F-43D3-B5CD-605A2E5828C4}"
EndProject
Project("{2150E333-8FDC-42A3-9474-1A3956D46DE8}") = "Tests", "Tests", "{66BEB7AF-F6D2-43D7-A214-567D2821BF3C}"
EndProject
Project("{9A19103F-16F7-4668-BE54-9A1E7A4F7556}") = "Redfish.Tests", "test\Redfish.Tests\Redfish.Tests.csproj", "{E6AC51E1-B14C-4899-8F1C-DCCE0784D4AF}"
EndProject
Project("{9A19103F-16F7-4668-BE54-9A1E7A4F7556}") = "Redfish.Serialization.Protobuf", "src\Redfish.Serialization.Protobuf\Redfish.Serialization.Protobuf.csproj", "{E19B4AED-7181-46A9-B1A5-596717D10A11}"
EndProject
Project("{9A19103F-16F7-4668-BE54-9A1E7A4F7556}") = "Redfish.Logging", "src\Redfish.Logging\Redfish.Logging.csproj", "{C9A5FAAF-39BA-4684-B8B1-D38036E25685}"
EndProject
Project("{FAE04EC0-301F-11D3-BF4B-00C04F79EFBC}") = "Redfish.Serialization.NewtonsoftJson", "src\Redfish.Serialization.NewtonsoftJson\Redfish.Serialization.NewtonsoftJson.csproj", "{03A1EC69-29F0-42D5-905D-F9DEF5B07315}"
EndProject
Project("{2150E333-8FDC-42A3-9474-1A3956D46DE8}") = "Samples", "Samples", "{FCFD622B-CFA1-4DFC-922C-8D9394D885B2}"
EndProject
Project("{FAE04EC0-301F-11D3-BF4B-00C04F79EFBC}") = "ExampleApplication", "samples\ExampleApplication\ExampleApplication.csproj", "{F084DC5A-733A-405B-852F-C9143ADFA946}"
EndProject
Global
	GlobalSection(SolutionConfigurationPlatforms) = preSolution
		Debug|Any CPU = Debug|Any CPU
		Release|Any CPU = Release|Any CPU
	EndGlobalSection
	GlobalSection(ProjectConfigurationPlatforms) = postSolution
		{28DB43DA-F012-461C-AD4D-CF0406F4EE3A}.Debug|Any CPU.ActiveCfg = Debug|Any CPU
		{28DB43DA-F012-461C-AD4D-CF0406F4EE3A}.Debug|Any CPU.Build.0 = Debug|Any CPU
		{28DB43DA-F012-461C-AD4D-CF0406F4EE3A}.Release|Any CPU.ActiveCfg = Release|Any CPU
		{28DB43DA-F012-461C-AD4D-CF0406F4EE3A}.Release|Any CPU.Build.0 = Release|Any CPU
		{4B4E2EB5-BE97-44E4-AAF0-9D5484CE51E7}.Debug|Any CPU.ActiveCfg = Debug|Any CPU
		{4B4E2EB5-BE97-44E4-AAF0-9D5484CE51E7}.Debug|Any CPU.Build.0 = Debug|Any CPU
		{4B4E2EB5-BE97-44E4-AAF0-9D5484CE51E7}.Release|Any CPU.ActiveCfg = Release|Any CPU
		{4B4E2EB5-BE97-44E4-AAF0-9D5484CE51E7}.Release|Any CPU.Build.0 = Release|Any CPU
		{80DA793F-601F-43D3-B5CD-605A2E5828C4}.Debug|Any CPU.ActiveCfg = Debug|Any CPU
		{80DA793F-601F-43D3-B5CD-605A2E5828C4}.Debug|Any CPU.Build.0 = Debug|Any CPU
		{80DA793F-601F-43D3-B5CD-605A2E5828C4}.Release|Any CPU.ActiveCfg = Release|Any CPU
		{80DA793F-601F-43D3-B5CD-605A2E5828C4}.Release|Any CPU.Build.0 = Release|Any CPU
		{E6AC51E1-B14C-4899-8F1C-DCCE0784D4AF}.Debug|Any CPU.ActiveCfg = Debug|Any CPU
		{E6AC51E1-B14C-4899-8F1C-DCCE0784D4AF}.Debug|Any CPU.Build.0 = Debug|Any CPU
		{E6AC51E1-B14C-4899-8F1C-DCCE0784D4AF}.Release|Any CPU.ActiveCfg = Release|Any CPU
		{E6AC51E1-B14C-4899-8F1C-DCCE0784D4AF}.Release|Any CPU.Build.0 = Release|Any CPU
		{E19B4AED-7181-46A9-B1A5-596717D10A11}.Debug|Any CPU.ActiveCfg = Debug|Any CPU
		{E19B4AED-7181-46A9-B1A5-596717D10A11}.Debug|Any CPU.Build.0 = Debug|Any CPU
		{E19B4AED-7181-46A9-B1A5-596717D10A11}.Release|Any CPU.ActiveCfg = Release|Any CPU
		{E19B4AED-7181-46A9-B1A5-596717D10A11}.Release|Any CPU.Build.0 = Release|Any CPU
		{C9A5FAAF-39BA-4684-B8B1-D38036E25685}.Debug|Any CPU.ActiveCfg = Debug|Any CPU
		{C9A5FAAF-39BA-4684-B8B1-D38036E25685}.Debug|Any CPU.Build.0 = Debug|Any CPU
		{C9A5FAAF-39BA-4684-B8B1-D38036E25685}.Release|Any CPU.ActiveCfg = Release|Any CPU
		{C9A5FAAF-39BA-4684-B8B1-D38036E25685}.Release|Any CPU.Build.0 = Release|Any CPU
		{03A1EC69-29F0-42D5-905D-F9DEF5B07315}.Debug|Any CPU.ActiveCfg = Debug|Any CPU
		{03A1EC69-29F0-42D5-905D-F9DEF5B07315}.Debug|Any CPU.Build.0 = Debug|Any CPU
		{03A1EC69-29F0-42D5-905D-F9DEF5B07315}.Release|Any CPU.ActiveCfg = Release|Any CPU
		{03A1EC69-29F0-42D5-905D-F9DEF5B07315}.Release|Any CPU.Build.0 = Release|Any CPU
		{F084DC5A-733A-405B-852F-C9143ADFA946}.Debug|Any CPU.ActiveCfg = Debug|Any CPU
		{F084DC5A-733A-405B-852F-C9143ADFA946}.Debug|Any CPU.Build.0 = Debug|Any CPU
		{F084DC5A-733A-405B-852F-C9143ADFA946}.Release|Any CPU.ActiveCfg = Release|Any CPU
		{F084DC5A-733A-405B-852F-C9143ADFA946}.Release|Any CPU.Build.0 = Release|Any CPU
	EndGlobalSection
	GlobalSection(SolutionProperties) = preSolution
		HideSolutionNode = FALSE
	EndGlobalSection
	GlobalSection(NestedProjects) = preSolution
		{FA529165-0321-4805-9976-977D1C62AF06} = {41CAB056-DF34-4AA0-972E-ADEB96A3B4CF}
		{28DB43DA-F012-461C-AD4D-CF0406F4EE3A} = {B4F65A9E-3428-45D0-90C9-011C621D6556}
		{4B4E2EB5-BE97-44E4-AAF0-9D5484CE51E7} = {B4F65A9E-3428-45D0-90C9-011C621D6556}
		{80DA793F-601F-43D3-B5CD-605A2E5828C4} = {B4F65A9E-3428-45D0-90C9-011C621D6556}
		{E6AC51E1-B14C-4899-8F1C-DCCE0784D4AF} = {66BEB7AF-F6D2-43D7-A214-567D2821BF3C}
		{E19B4AED-7181-46A9-B1A5-596717D10A11} = {B4F65A9E-3428-45D0-90C9-011C621D6556}
		{C9A5FAAF-39BA-4684-B8B1-D38036E25685} = {B4F65A9E-3428-45D0-90C9-011C621D6556}
		{03A1EC69-29F0-42D5-905D-F9DEF5B07315} = {B4F65A9E-3428-45D0-90C9-011C621D6556}
		{F084DC5A-733A-405B-852F-C9143ADFA946} = {FCFD622B-CFA1-4DFC-922C-8D9394D885B2}
	EndGlobalSection
	GlobalSection(ExtensibilityGlobals) = postSolution
		SolutionGuid = {592FC598-8233-4133-B1A4-3F0B66C0EAC1}
	EndGlobalSection
EndGlobal
